
Microsoft Visual Studio Solution File, Format Version 12.00
# Visual Studio Version 17
VisualStudioVersion = 17.5.33627.172
MinimumVisualStudioVersion = 10.0.40219.1
Project("{FAE04EC0-301F-11D3-BF4B-00C04F79EFBC}") = "H1_Stars_and_stripes", "H1_Stars_and_stripes\H1_Stars_and_stripes.csproj", "{8AFB2EA9-E4FC-405F-AA2D-D24EF4101571}"
EndProject
Global
	GlobalSection(SolutionConfigurationPlatforms) = preSolution
		Debug|Any CPU = Debug|Any CPU
		Release|Any CPU = Release|Any CPU
	EndGlobalSection
	GlobalSection(ProjectConfigurationPlatforms) = postSolution
		{8AFB2EA9-E4FC-405F-AA2D-D24EF4101571}.Debug|Any CPU.ActiveCfg = Debug|Any CPU
		{8AFB2EA9-E4FC-405F-AA2D-D24EF4101571}.Debug|Any CPU.Build.0 = Debug|Any CPU
		{8AFB2EA9-E4FC-405F-AA2D-D24EF4101571}.Release|Any CPU.ActiveCfg = Release|Any CPU
		{8AFB2EA9-E4FC-405F-AA2D-D24EF4101571}.Release|Any CPU.Build.0 = Release|Any CPU
	EndGlobalSection
	GlobalSection(SolutionProperties) = preSolution
		HideSolutionNode = FALSE
	EndGlobalSection
	GlobalSection(ExtensibilityGlobals) = postSolution
		SolutionGuid = {8EFABAEF-8397-4EF5-AAFF-EFE09858301D}
	EndGlobalSection
EndGlobal
